
Microsoft Visual Studio Solution File, Format Version 12.00
# Visual Studio Version 17
VisualStudioVersion = 17.4.33110.190
MinimumVisualStudioVersion = 10.0.40219.1
Project("{FAE04EC0-301F-11D3-BF4B-00C04F79EFBC}") = "1-PrimeiroProjeto", "1-PrimeiroProjeto\1-PrimeiroProjeto.csproj", "{584BE4AF-3EE1-42A2-8A87-57D1F5626D82}"
EndProject
Project("{FAE04EC0-301F-11D3-BF4B-00C04F79EFBC}") = "2-CriandoVariáveis", "2-CriandoVariáveis\2-CriandoVariáveis.csproj", "{7A7CB443-F815-4932-BD0E-3CC2EB47B481}"
EndProject
Project("{FAE04EC0-301F-11D3-BF4B-00C04F79EFBC}") = "CriandoVariaveis", "CriandoVariaveis\CriandoVariaveis.csproj", "{B2455634-BB64-41EE-BA17-53393F284714}"
EndProject
Project("{FAE04EC0-301F-11D3-BF4B-00C04F79EFBC}") = "3-CriandoVariaveisPontoFlutuante", "3-CriandoVariaveisPontoFlutuante\3-CriandoVariaveisPontoFlutuante.csproj", "{4CE235E6-4B1B-4C5F-8295-61E22FF2DED4}"
EndProject
Project("{FAE04EC0-301F-11D3-BF4B-00C04F79EFBC}") = "ConversoesEOutrosTiposNumericos", "ConversoesEOutrosTiposNumericos\ConversoesEOutrosTiposNumericos.csproj", "{4766B06D-FBA5-45E2-9C02-520465EED880}"
EndProject
Project("{FAE04EC0-301F-11D3-BF4B-00C04F79EFBC}") = "5-CaracteresETextos", "5-CaracteresETextos\5-CaracteresETextos.csproj", "{1BCAF3CF-32EA-4502-9993-AC6521D5E8C3}"
EndProject
Global
	GlobalSection(SolutionConfigurationPlatforms) = preSolution
		Debug|Any CPU = Debug|Any CPU
		Release|Any CPU = Release|Any CPU
	EndGlobalSection
	GlobalSection(ProjectConfigurationPlatforms) = postSolution
		{584BE4AF-3EE1-42A2-8A87-57D1F5626D82}.Debug|Any CPU.ActiveCfg = Debug|Any CPU
		{584BE4AF-3EE1-42A2-8A87-57D1F5626D82}.Debug|Any CPU.Build.0 = Debug|Any CPU
		{584BE4AF-3EE1-42A2-8A87-57D1F5626D82}.Release|Any CPU.ActiveCfg = Release|Any CPU
		{584BE4AF-3EE1-42A2-8A87-57D1F5626D82}.Release|Any CPU.Build.0 = Release|Any CPU
		{7A7CB443-F815-4932-BD0E-3CC2EB47B481}.Debug|Any CPU.ActiveCfg = Debug|Any CPU
		{7A7CB443-F815-4932-BD0E-3CC2EB47B481}.Debug|Any CPU.Build.0 = Debug|Any CPU
		{7A7CB443-F815-4932-BD0E-3CC2EB47B481}.Release|Any CPU.ActiveCfg = Release|Any CPU
		{7A7CB443-F815-4932-BD0E-3CC2EB47B481}.Release|Any CPU.Build.0 = Release|Any CPU
		{B2455634-BB64-41EE-BA17-53393F284714}.Debug|Any CPU.ActiveCfg = Debug|Any CPU
		{B2455634-BB64-41EE-BA17-53393F284714}.Debug|Any CPU.Build.0 = Debug|Any CPU
		{B2455634-BB64-41EE-BA17-53393F284714}.Release|Any CPU.ActiveCfg = Release|Any CPU
		{B2455634-BB64-41EE-BA17-53393F284714}.Release|Any CPU.Build.0 = Release|Any CPU
		{4CE235E6-4B1B-4C5F-8295-61E22FF2DED4}.Debug|Any CPU.ActiveCfg = Debug|Any CPU
		{4CE235E6-4B1B-4C5F-8295-61E22FF2DED4}.Debug|Any CPU.Build.0 = Debug|Any CPU
		{4CE235E6-4B1B-4C5F-8295-61E22FF2DED4}.Release|Any CPU.ActiveCfg = Release|Any CPU
		{4CE235E6-4B1B-4C5F-8295-61E22FF2DED4}.Release|Any CPU.Build.0 = Release|Any CPU
		{4766B06D-FBA5-45E2-9C02-520465EED880}.Debug|Any CPU.ActiveCfg = Debug|Any CPU
		{4766B06D-FBA5-45E2-9C02-520465EED880}.Debug|Any CPU.Build.0 = Debug|Any CPU
		{4766B06D-FBA5-45E2-9C02-520465EED880}.Release|Any CPU.ActiveCfg = Release|Any CPU
		{4766B06D-FBA5-45E2-9C02-520465EED880}.Release|Any CPU.Build.0 = Release|Any CPU
		{1BCAF3CF-32EA-4502-9993-AC6521D5E8C3}.Debug|Any CPU.ActiveCfg = Debug|Any CPU
		{1BCAF3CF-32EA-4502-9993-AC6521D5E8C3}.Debug|Any CPU.Build.0 = Debug|Any CPU
		{1BCAF3CF-32EA-4502-9993-AC6521D5E8C3}.Release|Any CPU.ActiveCfg = Release|Any CPU
		{1BCAF3CF-32EA-4502-9993-AC6521D5E8C3}.Release|Any CPU.Build.0 = Release|Any CPU
	EndGlobalSection
	GlobalSection(SolutionProperties) = preSolution
		HideSolutionNode = FALSE
	EndGlobalSection
	GlobalSection(ExtensibilityGlobals) = postSolution
		SolutionGuid = {F1D9FFFB-9FD0-4014-9F77-6B6F736B33BB}
	EndGlobalSection
EndGlobal
