
Microsoft Visual Studio Solution File, Format Version 12.00
# Visual Studio Version 17
VisualStudioVersion = 17.4.33110.190
MinimumVisualStudioVersion = 10.0.40219.1
Project("{9A19103F-16F7-4668-BE54-9A1E7A4F7556}") = "1-OlaMundo", "1-OlaMundo\1-OlaMundo.csproj", "{AD43C1DB-51CC-4941-A452-82EA1B09E7F1}"
EndProject
Project("{9A19103F-16F7-4668-BE54-9A1E7A4F7556}") = "2-CriandoVariaveis", "2-CriandoVariaveis\2-CriandoVariaveis.csproj", "{A900428E-AE7B-40CB-845F-3F851B6DCA21}"
EndProject
Project("{9A19103F-16F7-4668-BE54-9A1E7A4F7556}") = "3-VariaveisPontoFlutuante", "3-VariaveisPontoFlutuante\3-VariaveisPontoFlutuante.csproj", "{4DDAE6AD-1494-4CEA-B6B4-7CDD5B3A751E}"
EndProject
Project("{9A19103F-16F7-4668-BE54-9A1E7A4F7556}") = "4-ConversoesEOutrosTipos", "4-ConversoesEOutrosTipos\4-ConversoesEOutrosTipos.csproj", "{3D3E1F1C-5539-4484-B4B5-50240FBC2371}"
EndProject
Project("{9A19103F-16F7-4668-BE54-9A1E7A4F7556}") = "ConversoesEOutrosTiposNumericos", "ConversoesEOutrosTiposNumericos\ConversoesEOutrosTiposNumericos.csproj", "{9CAF561F-6284-4230-B22C-2B847B5CEF32}"
EndProject
Project("{9A19103F-16F7-4668-BE54-9A1E7A4F7556}") = "5-CaracteresETextos", "5-CaracteresETextos\5-CaracteresETextos.csproj", "{7F2A9DD8-743B-49A7-B95E-046A58A93BBE}"
EndProject
Project("{9A19103F-16F7-4668-BE54-9A1E7A4F7556}") = "6-AtribuicoesDeVariaveis", "6-AtribuicoesDeVariaveis\6-AtribuicoesDeVariaveis.csproj", "{AEC4A830-D9DC-443D-96C6-60F47EF2F516}"
EndProject
Project("{9A19103F-16F7-4668-BE54-9A1E7A4F7556}") = "7-Condicionais", "7-Condicionais\7-Condicionais.csproj", "{2BDB6CF8-BD15-47B0-9CFA-37190FC640E2}"
EndProject
Project("{9A19103F-16F7-4668-BE54-9A1E7A4F7556}") = "8-Condicionais", "8-Condicionais\8-Condicionais.csproj", "{1E8C5D13-894F-4B02-AFA9-2A8E6FBB797F}"
EndProject
Project("{9A19103F-16F7-4668-BE54-9A1E7A4F7556}") = "9-Escopo", "9-Escopo\9-Escopo.csproj", "{D373742A-B7BE-4E9C-B5FF-83B5CCC5DCA8}"
EndProject
Project("{9A19103F-16F7-4668-BE54-9A1E7A4F7556}") = "P10-CalculaPoupanca", "P10-CalculaPoupanca\P10-CalculaPoupanca.csproj", "{A04F1100-44A0-4433-A9C2-5D664D80DC40}"
EndProject
Project("{9A19103F-16F7-4668-BE54-9A1E7A4F7556}") = "P11-CalculaPoupanca2", "P11-CalculaPoupanca2\P11-CalculaPoupanca2.csproj", "{705140AF-1C04-471F-865D-A1742605C35E}"
EndProject
Project("{9A19103F-16F7-4668-BE54-9A1E7A4F7556}") = "ImpostoDeRenda", "ImpostoDeRenda\ImpostoDeRenda.csproj", "{A3022EC3-1EC9-4FA4-A292-C3A5A6A22932}"
EndProject
Project("{9A19103F-16F7-4668-BE54-9A1E7A4F7556}") = "ExemploSwitchCase", "ExemploSwitchCase\ExemploSwitchCase.csproj", "{33D2A442-643A-4164-95CC-283A9A7649B1}"
EndProject
Project("{9A19103F-16F7-4668-BE54-9A1E7A4F7556}") = "P12-InvestimentoALongoPrazo", "P12-InvestimentoALongoPrazo\P12-InvestimentoALongoPrazo.csproj", "{7170BA56-85D3-4D5F-8B09-332D2301A901}"
EndProject
Project("{9A19103F-16F7-4668-BE54-9A1E7A4F7556}") = "P13-EncadeandoFor", "P13-EncadeandoFor\P13-EncadeandoFor.csproj", "{0CDBB9DD-49BC-47F1-B08C-CB5F93DB24BE}"
EndProject
Project("{9A19103F-16F7-4668-BE54-9A1E7A4F7556}") = "D1-MultiplosDe3", "D1-MultiplosDe3\D1-MultiplosDe3.csproj", "{B6B26CFC-3F34-4C63-9DE8-89CEEF208601}"
EndProject
Project("{FAE04EC0-301F-11D3-BF4B-00C04F79EFBC}") = "D2-CalcularFatorial", "D2-CalcularFatorial\D2-CalcularFatorial.csproj", "{7A42148A-4482-4B93-9900-6F2410269C79}"
EndProject
Project("{FAE04EC0-301F-11D3-BF4B-00C04F79EFBC}") = "ExemploEntradaDeDados", "ExemploEntradaDeDados\ExemploEntradaDeDados.csproj", "{660400B7-EF97-4587-81C7-4CC861728B0C}"
EndProject
Global
	GlobalSection(SolutionConfigurationPlatforms) = preSolution
		Debug|Any CPU = Debug|Any CPU
		Release|Any CPU = Release|Any CPU
	EndGlobalSection
	GlobalSection(ProjectConfigurationPlatforms) = postSolution
		{AD43C1DB-51CC-4941-A452-82EA1B09E7F1}.Debug|Any CPU.ActiveCfg = Debug|Any CPU
		{AD43C1DB-51CC-4941-A452-82EA1B09E7F1}.Debug|Any CPU.Build.0 = Debug|Any CPU
		{AD43C1DB-51CC-4941-A452-82EA1B09E7F1}.Release|Any CPU.ActiveCfg = Release|Any CPU
		{AD43C1DB-51CC-4941-A452-82EA1B09E7F1}.Release|Any CPU.Build.0 = Release|Any CPU
		{A900428E-AE7B-40CB-845F-3F851B6DCA21}.Debug|Any CPU.ActiveCfg = Debug|Any CPU
		{A900428E-AE7B-40CB-845F-3F851B6DCA21}.Debug|Any CPU.Build.0 = Debug|Any CPU
		{A900428E-AE7B-40CB-845F-3F851B6DCA21}.Release|Any CPU.ActiveCfg = Release|Any CPU
		{A900428E-AE7B-40CB-845F-3F851B6DCA21}.Release|Any CPU.Build.0 = Release|Any CPU
		{4DDAE6AD-1494-4CEA-B6B4-7CDD5B3A751E}.Debug|Any CPU.ActiveCfg = Debug|Any CPU
		{4DDAE6AD-1494-4CEA-B6B4-7CDD5B3A751E}.Debug|Any CPU.Build.0 = Debug|Any CPU
		{4DDAE6AD-1494-4CEA-B6B4-7CDD5B3A751E}.Release|Any CPU.ActiveCfg = Release|Any CPU
		{4DDAE6AD-1494-4CEA-B6B4-7CDD5B3A751E}.Release|Any CPU.Build.0 = Release|Any CPU
		{3D3E1F1C-5539-4484-B4B5-50240FBC2371}.Debug|Any CPU.ActiveCfg = Debug|Any CPU
		{3D3E1F1C-5539-4484-B4B5-50240FBC2371}.Debug|Any CPU.Build.0 = Debug|Any CPU
		{3D3E1F1C-5539-4484-B4B5-50240FBC2371}.Release|Any CPU.ActiveCfg = Release|Any CPU
		{3D3E1F1C-5539-4484-B4B5-50240FBC2371}.Release|Any CPU.Build.0 = Release|Any CPU
		{9CAF561F-6284-4230-B22C-2B847B5CEF32}.Debug|Any CPU.ActiveCfg = Debug|Any CPU
		{9CAF561F-6284-4230-B22C-2B847B5CEF32}.Debug|Any CPU.Build.0 = Debug|Any CPU
		{9CAF561F-6284-4230-B22C-2B847B5CEF32}.Release|Any CPU.ActiveCfg = Release|Any CPU
		{9CAF561F-6284-4230-B22C-2B847B5CEF32}.Release|Any CPU.Build.0 = Release|Any CPU
		{7F2A9DD8-743B-49A7-B95E-046A58A93BBE}.Debug|Any CPU.ActiveCfg = Debug|Any CPU
		{7F2A9DD8-743B-49A7-B95E-046A58A93BBE}.Debug|Any CPU.Build.0 = Debug|Any CPU
		{7F2A9DD8-743B-49A7-B95E-046A58A93BBE}.Release|Any CPU.ActiveCfg = Release|Any CPU
		{7F2A9DD8-743B-49A7-B95E-046A58A93BBE}.Release|Any CPU.Build.0 = Release|Any CPU
		{AEC4A830-D9DC-443D-96C6-60F47EF2F516}.Debug|Any CPU.ActiveCfg = Debug|Any CPU
		{AEC4A830-D9DC-443D-96C6-60F47EF2F516}.Debug|Any CPU.Build.0 = Debug|Any CPU
		{AEC4A830-D9DC-443D-96C6-60F47EF2F516}.Release|Any CPU.ActiveCfg = Release|Any CPU
		{AEC4A830-D9DC-443D-96C6-60F47EF2F516}.Release|Any CPU.Build.0 = Release|Any CPU
		{2BDB6CF8-BD15-47B0-9CFA-37190FC640E2}.Debug|Any CPU.ActiveCfg = Debug|Any CPU
		{2BDB6CF8-BD15-47B0-9CFA-37190FC640E2}.Debug|Any CPU.Build.0 = Debug|Any CPU
		{2BDB6CF8-BD15-47B0-9CFA-37190FC640E2}.Release|Any CPU.ActiveCfg = Release|Any CPU
		{2BDB6CF8-BD15-47B0-9CFA-37190FC640E2}.Release|Any CPU.Build.0 = Release|Any CPU
		{1E8C5D13-894F-4B02-AFA9-2A8E6FBB797F}.Debug|Any CPU.ActiveCfg = Debug|Any CPU
		{1E8C5D13-894F-4B02-AFA9-2A8E6FBB797F}.Debug|Any CPU.Build.0 = Debug|Any CPU
		{1E8C5D13-894F-4B02-AFA9-2A8E6FBB797F}.Release|Any CPU.ActiveCfg = Release|Any CPU
		{1E8C5D13-894F-4B02-AFA9-2A8E6FBB797F}.Release|Any CPU.Build.0 = Release|Any CPU
		{D373742A-B7BE-4E9C-B5FF-83B5CCC5DCA8}.Debug|Any CPU.ActiveCfg = Debug|Any CPU
		{D373742A-B7BE-4E9C-B5FF-83B5CCC5DCA8}.Debug|Any CPU.Build.0 = Debug|Any CPU
		{D373742A-B7BE-4E9C-B5FF-83B5CCC5DCA8}.Release|Any CPU.ActiveCfg = Release|Any CPU
		{D373742A-B7BE-4E9C-B5FF-83B5CCC5DCA8}.Release|Any CPU.Build.0 = Release|Any CPU
		{A04F1100-44A0-4433-A9C2-5D664D80DC40}.Debug|Any CPU.ActiveCfg = Debug|Any CPU
		{A04F1100-44A0-4433-A9C2-5D664D80DC40}.Debug|Any CPU.Build.0 = Debug|Any CPU
		{A04F1100-44A0-4433-A9C2-5D664D80DC40}.Release|Any CPU.ActiveCfg = Release|Any CPU
		{A04F1100-44A0-4433-A9C2-5D664D80DC40}.Release|Any CPU.Build.0 = Release|Any CPU
		{705140AF-1C04-471F-865D-A1742605C35E}.Debug|Any CPU.ActiveCfg = Debug|Any CPU
		{705140AF-1C04-471F-865D-A1742605C35E}.Debug|Any CPU.Build.0 = Debug|Any CPU
		{705140AF-1C04-471F-865D-A1742605C35E}.Release|Any CPU.ActiveCfg = Release|Any CPU
		{705140AF-1C04-471F-865D-A1742605C35E}.Release|Any CPU.Build.0 = Release|Any CPU
		{A3022EC3-1EC9-4FA4-A292-C3A5A6A22932}.Debug|Any CPU.ActiveCfg = Debug|Any CPU
		{A3022EC3-1EC9-4FA4-A292-C3A5A6A22932}.Debug|Any CPU.Build.0 = Debug|Any CPU
		{A3022EC3-1EC9-4FA4-A292-C3A5A6A22932}.Release|Any CPU.ActiveCfg = Release|Any CPU
		{A3022EC3-1EC9-4FA4-A292-C3A5A6A22932}.Release|Any CPU.Build.0 = Release|Any CPU
		{33D2A442-643A-4164-95CC-283A9A7649B1}.Debug|Any CPU.ActiveCfg = Debug|Any CPU
		{33D2A442-643A-4164-95CC-283A9A7649B1}.Debug|Any CPU.Build.0 = Debug|Any CPU
		{33D2A442-643A-4164-95CC-283A9A7649B1}.Release|Any CPU.ActiveCfg = Release|Any CPU
		{33D2A442-643A-4164-95CC-283A9A7649B1}.Release|Any CPU.Build.0 = Release|Any CPU
		{7170BA56-85D3-4D5F-8B09-332D2301A901}.Debug|Any CPU.ActiveCfg = Debug|Any CPU
		{7170BA56-85D3-4D5F-8B09-332D2301A901}.Debug|Any CPU.Build.0 = Debug|Any CPU
		{7170BA56-85D3-4D5F-8B09-332D2301A901}.Release|Any CPU.ActiveCfg = Release|Any CPU
		{7170BA56-85D3-4D5F-8B09-332D2301A901}.Release|Any CPU.Build.0 = Release|Any CPU
		{0CDBB9DD-49BC-47F1-B08C-CB5F93DB24BE}.Debug|Any CPU.ActiveCfg = Debug|Any CPU
		{0CDBB9DD-49BC-47F1-B08C-CB5F93DB24BE}.Debug|Any CPU.Build.0 = Debug|Any CPU
		{0CDBB9DD-49BC-47F1-B08C-CB5F93DB24BE}.Release|Any CPU.ActiveCfg = Release|Any CPU
		{0CDBB9DD-49BC-47F1-B08C-CB5F93DB24BE}.Release|Any CPU.Build.0 = Release|Any CPU
		{B6B26CFC-3F34-4C63-9DE8-89CEEF208601}.Debug|Any CPU.ActiveCfg = Debug|Any CPU
		{B6B26CFC-3F34-4C63-9DE8-89CEEF208601}.Debug|Any CPU.Build.0 = Debug|Any CPU
		{B6B26CFC-3F34-4C63-9DE8-89CEEF208601}.Release|Any CPU.ActiveCfg = Release|Any CPU
		{B6B26CFC-3F34-4C63-9DE8-89CEEF208601}.Release|Any CPU.Build.0 = Release|Any CPU
		{7A42148A-4482-4B93-9900-6F2410269C79}.Debug|Any CPU.ActiveCfg = Debug|Any CPU
		{7A42148A-4482-4B93-9900-6F2410269C79}.Debug|Any CPU.Build.0 = Debug|Any CPU
		{7A42148A-4482-4B93-9900-6F2410269C79}.Release|Any CPU.ActiveCfg = Release|Any CPU
		{7A42148A-4482-4B93-9900-6F2410269C79}.Release|Any CPU.Build.0 = Release|Any CPU
		{660400B7-EF97-4587-81C7-4CC861728B0C}.Debug|Any CPU.ActiveCfg = Debug|Any CPU
		{660400B7-EF97-4587-81C7-4CC861728B0C}.Debug|Any CPU.Build.0 = Debug|Any CPU
		{660400B7-EF97-4587-81C7-4CC861728B0C}.Release|Any CPU.ActiveCfg = Release|Any CPU
		{660400B7-EF97-4587-81C7-4CC861728B0C}.Release|Any CPU.Build.0 = Release|Any CPU
	EndGlobalSection
	GlobalSection(SolutionProperties) = preSolution
		HideSolutionNode = FALSE
	EndGlobalSection
	GlobalSection(ExtensibilityGlobals) = postSolution
		SolutionGuid = {F1D9FFFB-9FD0-4014-9F77-6B6F736B33BB}
	EndGlobalSection
EndGlobal
